// !$*UTF8*$!
{
	archiveVersion = 1;
	classes = {
	};
	objectVersion = 56;
	objects = {

/* Begin PBXBuildFile section */
		C966A3112B3CDB9300670659 /* CityCocoonApp.swift in Sources */ = {isa = PBXBuildFile; fileRef = C966A3102B3CDB9300670659 /* CityCocoonApp.swift */; };
		C966A3132B3CDB9300670659 /* ContentView.swift in Sources */ = {isa = PBXBuildFile; fileRef = C966A3122B3CDB9300670659 /* ContentView.swift */; };
		C966A3152B3CDB9500670659 /* Assets.xcassets in Resources */ = {isa = PBXBuildFile; fileRef = C966A3142B3CDB9500670659 /* Assets.xcassets */; };
		C966A3192B3CDB9500670659 /* Preview Assets.xcassets in Resources */ = {isa = PBXBuildFile; fileRef = C966A3182B3CDB9500670659 /* Preview Assets.xcassets */; };
		C966A3232B3CDB9500670659 /* CityCocoonTests.swift in Sources */ = {isa = PBXBuildFile; fileRef = C966A3222B3CDB9500670659 /* CityCocoonTests.swift */; };
		C966A32D2B3CDB9500670659 /* CityCocoonUITests.swift in Sources */ = {isa = PBXBuildFile; fileRef = C966A32C2B3CDB9500670659 /* CityCocoonUITests.swift */; };
		C966A32F2B3CDB9500670659 /* CityCocoonUITestsLaunchTests.swift in Sources */ = {isa = PBXBuildFile; fileRef = C966A32E2B3CDB9500670659 /* CityCocoonUITestsLaunchTests.swift */; };
		C966A3482B3CE65000670659 /* ExploreView.swift in Sources */ = {isa = PBXBuildFile; fileRef = C966A3472B3CE65000670659 /* ExploreView.swift */; };
		C966A34A2B3CE6F300670659 /* ListingItemView.swift in Sources */ = {isa = PBXBuildFile; fileRef = C966A3492B3CE6F300670659 /* ListingItemView.swift */; };
		C966A38C2B3E310A00670659 /* SearchAndFilterBar.swift in Sources */ = {isa = PBXBuildFile; fileRef = C966A38B2B3E310A00670659 /* SearchAndFilterBar.swift */; };
		C966A38E2B3ECC1900670659 /* ListingDetailView.swift in Sources */ = {isa = PBXBuildFile; fileRef = C966A38D2B3ECC1900670659 /* ListingDetailView.swift */; };
		C966A3912B3ECD7A00670659 /* ListingImageCarouselView.swift in Sources */ = {isa = PBXBuildFile; fileRef = C966A3902B3ECD7A00670659 /* ListingImageCarouselView.swift */; };
		C966A3972B40CF9800670659 /* DestinationSearch.swift in Sources */ = {isa = PBXBuildFile; fileRef = C966A3962B40CF9800670659 /* DestinationSearch.swift */; };
		C966A39D2B43CF4000670659 /* ProfileView.swift in Sources */ = {isa = PBXBuildFile; fileRef = C966A39C2B43CF4000670659 /* ProfileView.swift */; };
		C966A39F2B43D1B200670659 /* ProfileOptionView.swift in Sources */ = {isa = PBXBuildFile; fileRef = C966A39E2B43D1B200670659 /* ProfileOptionView.swift */; };
		C966A3A12B451C4900670659 /* WishlistsView.swift in Sources */ = {isa = PBXBuildFile; fileRef = C966A3A02B451C4900670659 /* WishlistsView.swift */; };
		C966A3A32B4520C800670659 /* MainTabView.swift in Sources */ = {isa = PBXBuildFile; fileRef = C966A3A22B4520C800670659 /* MainTabView.swift */; };
		C966A3A72B45EF9500670659 /* Listing.swift in Sources */ = {isa = PBXBuildFile; fileRef = C966A3A62B45EF9500670659 /* Listing.swift */; };
		C966A3A92B45F3D900670659 /* Developer Preview.swift in Sources */ = {isa = PBXBuildFile; fileRef = C966A3A82B45F3D900670659 /* Developer Preview.swift */; };
		C966A3AE2B47F04F00670659 /* ExploreViewModel.swift in Sources */ = {isa = PBXBuildFile; fileRef = C966A3AD2B47F04F00670659 /* ExploreViewModel.swift */; };
		C966A3B02B47F0F200670659 /* ExploreService.swift in Sources */ = {isa = PBXBuildFile; fileRef = C966A3AF2B47F0F200670659 /* ExploreService.swift */; };
		C966A4332B48A7E600670659 /* Region.swift in Sources */ = {isa = PBXBuildFile; fileRef = C966A4322B48A7E600670659 /* Region.swift */; };
/* End PBXBuildFile section */

/* Begin PBXContainerItemProxy section */
		C966A31F2B3CDB9500670659 /* PBXContainerItemProxy */ = {
			isa = PBXContainerItemProxy;
			containerPortal = C966A3052B3CDB9300670659 /* Project object */;
			proxyType = 1;
			remoteGlobalIDString = C966A30C2B3CDB9300670659;
			remoteInfo = CityCocoon;
		};
		C966A3292B3CDB9500670659 /* PBXContainerItemProxy */ = {
			isa = PBXContainerItemProxy;
			containerPortal = C966A3052B3CDB9300670659 /* Project object */;
			proxyType = 1;
			remoteGlobalIDString = C966A30C2B3CDB9300670659;
			remoteInfo = CityCocoon;
		};
/* End PBXContainerItemProxy section */

/* Begin PBXFileReference section */
		C966A30D2B3CDB9300670659 /* CityCocoon.app */ = {isa = PBXFileReference; explicitFileType = wrapper.application; includeInIndex = 0; path = CityCocoon.app; sourceTree = BUILT_PRODUCTS_DIR; };
		C966A3102B3CDB9300670659 /* CityCocoonApp.swift */ = {isa = PBXFileReference; lastKnownFileType = sourcecode.swift; path = CityCocoonApp.swift; sourceTree = "<group>"; };
		C966A3122B3CDB9300670659 /* ContentView.swift */ = {isa = PBXFileReference; lastKnownFileType = sourcecode.swift; path = ContentView.swift; sourceTree = "<group>"; };
		C966A3142B3CDB9500670659 /* Assets.xcassets */ = {isa = PBXFileReference; lastKnownFileType = folder.assetcatalog; path = Assets.xcassets; sourceTree = "<group>"; };
		C966A3162B3CDB9500670659 /* CityCocoon.entitlements */ = {isa = PBXFileReference; lastKnownFileType = text.plist.entitlements; path = CityCocoon.entitlements; sourceTree = "<group>"; };
		C966A3182B3CDB9500670659 /* Preview Assets.xcassets */ = {isa = PBXFileReference; lastKnownFileType = folder.assetcatalog; path = "Preview Assets.xcassets"; sourceTree = "<group>"; };
		C966A31E2B3CDB9500670659 /* CityCocoonTests.xctest */ = {isa = PBXFileReference; explicitFileType = wrapper.cfbundle; includeInIndex = 0; path = CityCocoonTests.xctest; sourceTree = BUILT_PRODUCTS_DIR; };
		C966A3222B3CDB9500670659 /* CityCocoonTests.swift */ = {isa = PBXFileReference; lastKnownFileType = sourcecode.swift; path = CityCocoonTests.swift; sourceTree = "<group>"; };
		C966A3282B3CDB9500670659 /* CityCocoonUITests.xctest */ = {isa = PBXFileReference; explicitFileType = wrapper.cfbundle; includeInIndex = 0; path = CityCocoonUITests.xctest; sourceTree = BUILT_PRODUCTS_DIR; };
		C966A32C2B3CDB9500670659 /* CityCocoonUITests.swift */ = {isa = PBXFileReference; lastKnownFileType = sourcecode.swift; path = CityCocoonUITests.swift; sourceTree = "<group>"; };
		C966A32E2B3CDB9500670659 /* CityCocoonUITestsLaunchTests.swift */ = {isa = PBXFileReference; lastKnownFileType = sourcecode.swift; path = CityCocoonUITestsLaunchTests.swift; sourceTree = "<group>"; };
		C966A3472B3CE65000670659 /* ExploreView.swift */ = {isa = PBXFileReference; lastKnownFileType = sourcecode.swift; path = ExploreView.swift; sourceTree = "<group>"; };
		C966A3492B3CE6F300670659 /* ListingItemView.swift */ = {isa = PBXFileReference; lastKnownFileType = sourcecode.swift; path = ListingItemView.swift; sourceTree = "<group>"; };
		C966A38B2B3E310A00670659 /* SearchAndFilterBar.swift */ = {isa = PBXFileReference; lastKnownFileType = sourcecode.swift; path = SearchAndFilterBar.swift; sourceTree = "<group>"; };
		C966A38D2B3ECC1900670659 /* ListingDetailView.swift */ = {isa = PBXFileReference; lastKnownFileType = sourcecode.swift; path = ListingDetailView.swift; sourceTree = "<group>"; };
		C966A3902B3ECD7A00670659 /* ListingImageCarouselView.swift */ = {isa = PBXFileReference; lastKnownFileType = sourcecode.swift; path = ListingImageCarouselView.swift; sourceTree = "<group>"; };
		C966A3962B40CF9800670659 /* DestinationSearch.swift */ = {isa = PBXFileReference; lastKnownFileType = sourcecode.swift; path = DestinationSearch.swift; sourceTree = "<group>"; };
		C966A39C2B43CF4000670659 /* ProfileView.swift */ = {isa = PBXFileReference; lastKnownFileType = sourcecode.swift; path = ProfileView.swift; sourceTree = "<group>"; };
		C966A39E2B43D1B200670659 /* ProfileOptionView.swift */ = {isa = PBXFileReference; lastKnownFileType = sourcecode.swift; path = ProfileOptionView.swift; sourceTree = "<group>"; };
		C966A3A02B451C4900670659 /* WishlistsView.swift */ = {isa = PBXFileReference; lastKnownFileType = sourcecode.swift; path = WishlistsView.swift; sourceTree = "<group>"; };
		C966A3A22B4520C800670659 /* MainTabView.swift */ = {isa = PBXFileReference; lastKnownFileType = sourcecode.swift; path = MainTabView.swift; sourceTree = "<group>"; };
		C966A3A62B45EF9500670659 /* Listing.swift */ = {isa = PBXFileReference; lastKnownFileType = sourcecode.swift; path = Listing.swift; sourceTree = "<group>"; };
		C966A3A82B45F3D900670659 /* Developer Preview.swift */ = {isa = PBXFileReference; lastKnownFileType = sourcecode.swift; path = "Developer Preview.swift"; sourceTree = "<group>"; };
		C966A3AD2B47F04F00670659 /* ExploreViewModel.swift */ = {isa = PBXFileReference; lastKnownFileType = sourcecode.swift; path = ExploreViewModel.swift; sourceTree = "<group>"; };
		C966A3AF2B47F0F200670659 /* ExploreService.swift */ = {isa = PBXFileReference; lastKnownFileType = sourcecode.swift; path = ExploreService.swift; sourceTree = "<group>"; };
		C966A4322B48A7E600670659 /* Region.swift */ = {isa = PBXFileReference; lastKnownFileType = sourcecode.swift; path = Region.swift; sourceTree = "<group>"; };
/* End PBXFileReference section */

/* Begin PBXFrameworksBuildPhase section */
		C966A30A2B3CDB9300670659 /* Frameworks */ = {
			isa = PBXFrameworksBuildPhase;
			buildActionMask = 2147483647;
			files = (
			);
			runOnlyForDeploymentPostprocessing = 0;
		};
		C966A31B2B3CDB9500670659 /* Frameworks */ = {
			isa = PBXFrameworksBuildPhase;
			buildActionMask = 2147483647;
			files = (
			);
			runOnlyForDeploymentPostprocessing = 0;
		};
		C966A3252B3CDB9500670659 /* Frameworks */ = {
			isa = PBXFrameworksBuildPhase;
			buildActionMask = 2147483647;
			files = (
			);
			runOnlyForDeploymentPostprocessing = 0;
		};
/* End PBXFrameworksBuildPhase section */

/* Begin PBXGroup section */
		C966A3042B3CDB9300670659 = {
			isa = PBXGroup;
			children = (
				C966A30F2B3CDB9300670659 /* CityCocoon */,
				C966A3212B3CDB9500670659 /* CityCocoonTests */,
				C966A32B2B3CDB9500670659 /* CityCocoonUITests */,
				C966A30E2B3CDB9300670659 /* Products */,
			);
			sourceTree = "<group>";
		};
		C966A30E2B3CDB9300670659 /* Products */ = {
			isa = PBXGroup;
			children = (
				C966A30D2B3CDB9300670659 /* CityCocoon.app */,
				C966A31E2B3CDB9500670659 /* CityCocoonTests.xctest */,
				C966A3282B3CDB9500670659 /* CityCocoonUITests.xctest */,
			);
			name = Products;
			sourceTree = "<group>";
		};
		C966A30F2B3CDB9300670659 /* CityCocoon */ = {
			isa = PBXGroup;
			children = (
				C966A33E2B3CDD8C00670659 /* App */,
				C966A33D2B3CDD8800670659 /* Core */,
				C966A33C2B3CDD8100670659 /* Extensions */,
				C966A33B2B3CDD7C00670659 /* Models */,
				C966A33F2B3CDDFF00670659 /* Utils */,
				C966A3122B3CDB9300670659 /* ContentView.swift */,
				C966A3142B3CDB9500670659 /* Assets.xcassets */,
				C966A3162B3CDB9500670659 /* CityCocoon.entitlements */,
				C966A3172B3CDB9500670659 /* Preview Content */,
			);
			path = CityCocoon;
			sourceTree = "<group>";
		};
		C966A3172B3CDB9500670659 /* Preview Content */ = {
			isa = PBXGroup;
			children = (
				C966A3182B3CDB9500670659 /* Preview Assets.xcassets */,
			);
			path = "Preview Content";
			sourceTree = "<group>";
		};
		C966A3212B3CDB9500670659 /* CityCocoonTests */ = {
			isa = PBXGroup;
			children = (
				C966A3222B3CDB9500670659 /* CityCocoonTests.swift */,
			);
			path = CityCocoonTests;
			sourceTree = "<group>";
		};
		C966A32B2B3CDB9500670659 /* CityCocoonUITests */ = {
			isa = PBXGroup;
			children = (
				C966A32C2B3CDB9500670659 /* CityCocoonUITests.swift */,
				C966A32E2B3CDB9500670659 /* CityCocoonUITestsLaunchTests.swift */,
			);
			path = CityCocoonUITests;
			sourceTree = "<group>";
		};
		C966A33B2B3CDD7C00670659 /* Models */ = {
			isa = PBXGroup;
			children = (
			);
			path = Models;
			sourceTree = "<group>";
		};
		C966A33C2B3CDD8100670659 /* Extensions */ = {
			isa = PBXGroup;
			children = (
				C966A3A82B45F3D900670659 /* Developer Preview.swift */,
				C966A4322B48A7E600670659 /* Region.swift */,
			);
			path = Extensions;
			sourceTree = "<group>";
		};
		C966A33D2B3CDD8800670659 /* Core */ = {
			isa = PBXGroup;
			children = (
				C966A38F2B3ECD1C00670659 /* Component */,
				C966A3402B3CDE8C00670659 /* Explore */,
				C966A3412B3CDE9A00670659 /* Listings */,
				C966A3422B3CDEB100670659 /* MapView */,
				C966A3432B3CDEBA00670659 /* Profile */,
				C966A3442B3CDEC300670659 /* Root */,
				C966A3452B3CDECB00670659 /* ToolBar */,
				C966A3462B3CDED900670659 /* Wishlists */,
			);
			path = Core;
			sourceTree = "<group>";
		};
		C966A33E2B3CDD8C00670659 /* App */ = {
			isa = PBXGroup;
			children = (
				C966A3102B3CDB9300670659 /* CityCocoonApp.swift */,
			);
			path = App;
			sourceTree = "<group>";
		};
		C966A33F2B3CDDFF00670659 /* Utils */ = {
			isa = PBXGroup;
			children = (
			);
			path = Utils;
			sourceTree = "<group>";
		};
		C966A3402B3CDE8C00670659 /* Explore */ = {
			isa = PBXGroup;
			children = (
				C966A3AC2B47EFF000670659 /* Service */,
				C966A3AB2B47EFED00670659 /* View */,
				C966A3AA2B47EFEA00670659 /* ViewModel */,
			);
			path = Explore;
			sourceTree = "<group>";
		};
		C966A3412B3CDE9A00670659 /* Listings */ = {
			isa = PBXGroup;
			children = (
				C966A3A52B45EF7A00670659 /* View */,
				C966A3A42B45EF6C00670659 /* Model */,
			);
			path = Listings;
			sourceTree = "<group>";
		};
		C966A3422B3CDEB100670659 /* MapView */ = {
			isa = PBXGroup;
			children = (
			);
			path = MapView;
			sourceTree = "<group>";
		};
		C966A3432B3CDEBA00670659 /* Profile */ = {
			isa = PBXGroup;
			children = (
				C966A39C2B43CF4000670659 /* ProfileView.swift */,
				C966A39E2B43D1B200670659 /* ProfileOptionView.swift */,
			);
			path = Profile;
			sourceTree = "<group>";
		};
		C966A3442B3CDEC300670659 /* Root */ = {
			isa = PBXGroup;
			children = (
			);
			path = Root;
			sourceTree = "<group>";
		};
		C966A3452B3CDECB00670659 /* ToolBar */ = {
			isa = PBXGroup;
			children = (
				C966A3A22B4520C800670659 /* MainTabView.swift */,
			);
			path = ToolBar;
			sourceTree = "<group>";
		};
		C966A3462B3CDED900670659 /* Wishlists */ = {
			isa = PBXGroup;
			children = (
				C966A3A02B451C4900670659 /* WishlistsView.swift */,
			);
			path = Wishlists;
			sourceTree = "<group>";
		};
		C966A38F2B3ECD1C00670659 /* Component */ = {
			isa = PBXGroup;
			children = (
				C966A3902B3ECD7A00670659 /* ListingImageCarouselView.swift */,
			);
			path = Component;
			sourceTree = "<group>";
		};
		C966A3A42B45EF6C00670659 /* Model */ = {
			isa = PBXGroup;
			children = (
				C966A3A62B45EF9500670659 /* Listing.swift */,
			);
			path = Model;
			sourceTree = "<group>";
		};
		C966A3A52B45EF7A00670659 /* View */ = {
			isa = PBXGroup;
			children = (
				C966A3492B3CE6F300670659 /* ListingItemView.swift */,
				C966A38D2B3ECC1900670659 /* ListingDetailView.swift */,
			);
			path = View;
			sourceTree = "<group>";
		};
		C966A3AA2B47EFEA00670659 /* ViewModel */ = {
			isa = PBXGroup;
			children = (
				C966A3AD2B47F04F00670659 /* ExploreViewModel.swift */,
			);
			path = ViewModel;
			sourceTree = "<group>";
		};
		C966A3AB2B47EFED00670659 /* View */ = {
			isa = PBXGroup;
			children = (
				C966A3472B3CE65000670659 /* ExploreView.swift */,
				C966A38B2B3E310A00670659 /* SearchAndFilterBar.swift */,
				C966A3962B40CF9800670659 /* DestinationSearch.swift */,
			);
			path = View;
			sourceTree = "<group>";
		};
		C966A3AC2B47EFF000670659 /* Service */ = {
			isa = PBXGroup;
			children = (
				C966A3AF2B47F0F200670659 /* ExploreService.swift */,
			);
			path = Service;
			sourceTree = "<group>";
		};
/* End PBXGroup section */

/* Begin PBXNativeTarget section */
		C966A30C2B3CDB9300670659 /* CityCocoon */ = {
			isa = PBXNativeTarget;
			buildConfigurationList = C966A3322B3CDB9500670659 /* Build configuration list for PBXNativeTarget "CityCocoon" */;
			buildPhases = (
				C966A3092B3CDB9300670659 /* Sources */,
				C966A30A2B3CDB9300670659 /* Frameworks */,
				C966A30B2B3CDB9300670659 /* Resources */,
			);
			buildRules = (
			);
			dependencies = (
			);
			name = CityCocoon;
			productName = CityCocoon;
			productReference = C966A30D2B3CDB9300670659 /* CityCocoon.app */;
			productType = "com.apple.product-type.application";
		};
		C966A31D2B3CDB9500670659 /* CityCocoonTests */ = {
			isa = PBXNativeTarget;
			buildConfigurationList = C966A3352B3CDB9500670659 /* Build configuration list for PBXNativeTarget "CityCocoonTests" */;
			buildPhases = (
				C966A31A2B3CDB9500670659 /* Sources */,
				C966A31B2B3CDB9500670659 /* Frameworks */,
				C966A31C2B3CDB9500670659 /* Resources */,
			);
			buildRules = (
			);
			dependencies = (
				C966A3202B3CDB9500670659 /* PBXTargetDependency */,
			);
			name = CityCocoonTests;
			productName = CityCocoonTests;
			productReference = C966A31E2B3CDB9500670659 /* CityCocoonTests.xctest */;
			productType = "com.apple.product-type.bundle.unit-test";
		};
		C966A3272B3CDB9500670659 /* CityCocoonUITests */ = {
			isa = PBXNativeTarget;
			buildConfigurationList = C966A3382B3CDB9500670659 /* Build configuration list for PBXNativeTarget "CityCocoonUITests" */;
			buildPhases = (
				C966A3242B3CDB9500670659 /* Sources */,
				C966A3252B3CDB9500670659 /* Frameworks */,
				C966A3262B3CDB9500670659 /* Resources */,
			);
			buildRules = (
			);
			dependencies = (
				C966A32A2B3CDB9500670659 /* PBXTargetDependency */,
			);
			name = CityCocoonUITests;
			productName = CityCocoonUITests;
			productReference = C966A3282B3CDB9500670659 /* CityCocoonUITests.xctest */;
			productType = "com.apple.product-type.bundle.ui-testing";
		};
/* End PBXNativeTarget section */

/* Begin PBXProject section */
		C966A3052B3CDB9300670659 /* Project object */ = {
			isa = PBXProject;
			attributes = {
				BuildIndependentTargetsInParallel = 1;
				LastSwiftUpdateCheck = 1510;
				LastUpgradeCheck = 1510;
				TargetAttributes = {
					C966A30C2B3CDB9300670659 = {
						CreatedOnToolsVersion = 15.1;
					};
					C966A31D2B3CDB9500670659 = {
						CreatedOnToolsVersion = 15.1;
						TestTargetID = C966A30C2B3CDB9300670659;
					};
					C966A3272B3CDB9500670659 = {
						CreatedOnToolsVersion = 15.1;
						TestTargetID = C966A30C2B3CDB9300670659;
					};
				};
			};
			buildConfigurationList = C966A3082B3CDB9300670659 /* Build configuration list for PBXProject "CityCocoon" */;
			compatibilityVersion = "Xcode 14.0";
			developmentRegion = en;
			hasScannedForEncodings = 0;
			knownRegions = (
				en,
				Base,
			);
			mainGroup = C966A3042B3CDB9300670659;
			productRefGroup = C966A30E2B3CDB9300670659 /* Products */;
			projectDirPath = "";
			projectRoot = "";
			targets = (
				C966A30C2B3CDB9300670659 /* CityCocoon */,
				C966A31D2B3CDB9500670659 /* CityCocoonTests */,
				C966A3272B3CDB9500670659 /* CityCocoonUITests */,
			);
		};
/* End PBXProject section */

/* Begin PBXResourcesBuildPhase section */
		C966A30B2B3CDB9300670659 /* Resources */ = {
			isa = PBXResourcesBuildPhase;
			buildActionMask = 2147483647;
			files = (
				C966A3192B3CDB9500670659 /* Preview Assets.xcassets in Resources */,
				C966A3152B3CDB9500670659 /* Assets.xcassets in Resources */,
			);
			runOnlyForDeploymentPostprocessing = 0;
		};
		C966A31C2B3CDB9500670659 /* Resources */ = {
			isa = PBXResourcesBuildPhase;
			buildActionMask = 2147483647;
			files = (
			);
			runOnlyForDeploymentPostprocessing = 0;
		};
		C966A3262B3CDB9500670659 /* Resources */ = {
			isa = PBXResourcesBuildPhase;
			buildActionMask = 2147483647;
			files = (
			);
			runOnlyForDeploymentPostprocessing = 0;
		};
/* End PBXResourcesBuildPhase section */

/* Begin PBXSourcesBuildPhase section */
		C966A3092B3CDB9300670659 /* Sources */ = {
			isa = PBXSourcesBuildPhase;
			buildActionMask = 2147483647;
			files = (
				C966A3912B3ECD7A00670659 /* ListingImageCarouselView.swift in Sources */,
				C966A4332B48A7E600670659 /* Region.swift in Sources */,
				C966A39D2B43CF4000670659 /* ProfileView.swift in Sources */,
				C966A3A92B45F3D900670659 /* Developer Preview.swift in Sources */,
				C966A34A2B3CE6F300670659 /* ListingItemView.swift in Sources */,
				C966A39F2B43D1B200670659 /* ProfileOptionView.swift in Sources */,
				C966A3972B40CF9800670659 /* DestinationSearch.swift in Sources */,
				C966A3AE2B47F04F00670659 /* ExploreViewModel.swift in Sources */,
				C966A3132B3CDB9300670659 /* ContentView.swift in Sources */,
				C966A3A12B451C4900670659 /* WishlistsView.swift in Sources */,
				C966A3A72B45EF9500670659 /* Listing.swift in Sources */,
				C966A3482B3CE65000670659 /* ExploreView.swift in Sources */,
				C966A38C2B3E310A00670659 /* SearchAndFilterBar.swift in Sources */,
				C966A38E2B3ECC1900670659 /* ListingDetailView.swift in Sources */,
				C966A3112B3CDB9300670659 /* CityCocoonApp.swift in Sources */,
				C966A3A32B4520C800670659 /* MainTabView.swift in Sources */,
				C966A3B02B47F0F200670659 /* ExploreService.swift in Sources */,
			);
			runOnlyForDeploymentPostprocessing = 0;
		};
		C966A31A2B3CDB9500670659 /* Sources */ = {
			isa = PBXSourcesBuildPhase;
			buildActionMask = 2147483647;
			files = (
				C966A3232B3CDB9500670659 /* CityCocoonTests.swift in Sources */,
			);
			runOnlyForDeploymentPostprocessing = 0;
		};
		C966A3242B3CDB9500670659 /* Sources */ = {
			isa = PBXSourcesBuildPhase;
			buildActionMask = 2147483647;
			files = (
				C966A32F2B3CDB9500670659 /* CityCocoonUITestsLaunchTests.swift in Sources */,
				C966A32D2B3CDB9500670659 /* CityCocoonUITests.swift in Sources */,
			);
			runOnlyForDeploymentPostprocessing = 0;
		};
/* End PBXSourcesBuildPhase section */

/* Begin PBXTargetDependency section */
		C966A3202B3CDB9500670659 /* PBXTargetDependency */ = {
			isa = PBXTargetDependency;
			target = C966A30C2B3CDB9300670659 /* CityCocoon */;
			targetProxy = C966A31F2B3CDB9500670659 /* PBXContainerItemProxy */;
		};
		C966A32A2B3CDB9500670659 /* PBXTargetDependency */ = {
			isa = PBXTargetDependency;
			target = C966A30C2B3CDB9300670659 /* CityCocoon */;
			targetProxy = C966A3292B3CDB9500670659 /* PBXContainerItemProxy */;
		};
/* End PBXTargetDependency section */

/* Begin XCBuildConfiguration section */
		C966A3302B3CDB9500670659 /* Debug */ = {
			isa = XCBuildConfiguration;
			buildSettings = {
				ALWAYS_SEARCH_USER_PATHS = NO;
				ASSETCATALOG_COMPILER_GENERATE_SWIFT_ASSET_SYMBOL_EXTENSIONS = YES;
				CLANG_ANALYZER_NONNULL = YES;
				CLANG_ANALYZER_NUMBER_OBJECT_CONVERSION = YES_AGGRESSIVE;
				CLANG_CXX_LANGUAGE_STANDARD = "gnu++20";
				CLANG_ENABLE_MODULES = YES;
				CLANG_ENABLE_OBJC_ARC = YES;
				CLANG_ENABLE_OBJC_WEAK = YES;
				CLANG_WARN_BLOCK_CAPTURE_AUTORELEASING = YES;
				CLANG_WARN_BOOL_CONVERSION = YES;
				CLANG_WARN_COMMA = YES;
				CLANG_WARN_CONSTANT_CONVERSION = YES;
				CLANG_WARN_DEPRECATED_OBJC_IMPLEMENTATIONS = YES;
				CLANG_WARN_DIRECT_OBJC_ISA_USAGE = YES_ERROR;
				CLANG_WARN_DOCUMENTATION_COMMENTS = YES;
				CLANG_WARN_EMPTY_BODY = YES;
				CLANG_WARN_ENUM_CONVERSION = YES;
				CLANG_WARN_INFINITE_RECURSION = YES;
				CLANG_WARN_INT_CONVERSION = YES;
				CLANG_WARN_NON_LITERAL_NULL_CONVERSION = YES;
				CLANG_WARN_OBJC_IMPLICIT_RETAIN_SELF = YES;
				CLANG_WARN_OBJC_LITERAL_CONVERSION = YES;
				CLANG_WARN_OBJC_ROOT_CLASS = YES_ERROR;
				CLANG_WARN_QUOTED_INCLUDE_IN_FRAMEWORK_HEADER = YES;
				CLANG_WARN_RANGE_LOOP_ANALYSIS = YES;
				CLANG_WARN_STRICT_PROTOTYPES = YES;
				CLANG_WARN_SUSPICIOUS_MOVE = YES;
				CLANG_WARN_UNGUARDED_AVAILABILITY = YES_AGGRESSIVE;
				CLANG_WARN_UNREACHABLE_CODE = YES;
				CLANG_WARN__DUPLICATE_METHOD_MATCH = YES;
				COPY_PHASE_STRIP = NO;
				DEBUG_INFORMATION_FORMAT = dwarf;
				ENABLE_STRICT_OBJC_MSGSEND = YES;
				ENABLE_TESTABILITY = YES;
				ENABLE_USER_SCRIPT_SANDBOXING = YES;
				GCC_C_LANGUAGE_STANDARD = gnu17;
				GCC_DYNAMIC_NO_PIC = NO;
				GCC_NO_COMMON_BLOCKS = YES;
				GCC_OPTIMIZATION_LEVEL = 0;
				GCC_PREPROCESSOR_DEFINITIONS = (
					"DEBUG=1",
					"$(inherited)",
				);
				GCC_WARN_64_TO_32_BIT_CONVERSION = YES;
				GCC_WARN_ABOUT_RETURN_TYPE = YES_ERROR;
				GCC_WARN_UNDECLARED_SELECTOR = YES;
				GCC_WARN_UNINITIALIZED_AUTOS = YES_AGGRESSIVE;
				GCC_WARN_UNUSED_FUNCTION = YES;
				GCC_WARN_UNUSED_VARIABLE = YES;
				LOCALIZATION_PREFERS_STRING_CATALOGS = YES;
				MTL_ENABLE_DEBUG_INFO = INCLUDE_SOURCE;
				MTL_FAST_MATH = YES;
				ONLY_ACTIVE_ARCH = YES;
				SWIFT_ACTIVE_COMPILATION_CONDITIONS = "DEBUG $(inherited)";
				SWIFT_OPTIMIZATION_LEVEL = "-Onone";
			};
			name = Debug;
		};
		C966A3312B3CDB9500670659 /* Release */ = {
			isa = XCBuildConfiguration;
			buildSettings = {
				ALWAYS_SEARCH_USER_PATHS = NO;
				ASSETCATALOG_COMPILER_GENERATE_SWIFT_ASSET_SYMBOL_EXTENSIONS = YES;
				CLANG_ANALYZER_NONNULL = YES;
				CLANG_ANALYZER_NUMBER_OBJECT_CONVERSION = YES_AGGRESSIVE;
				CLANG_CXX_LANGUAGE_STANDARD = "gnu++20";
				CLANG_ENABLE_MODULES = YES;
				CLANG_ENABLE_OBJC_ARC = YES;
				CLANG_ENABLE_OBJC_WEAK = YES;
				CLANG_WARN_BLOCK_CAPTURE_AUTORELEASING = YES;
				CLANG_WARN_BOOL_CONVERSION = YES;
				CLANG_WARN_COMMA = YES;
				CLANG_WARN_CONSTANT_CONVERSION = YES;
				CLANG_WARN_DEPRECATED_OBJC_IMPLEMENTATIONS = YES;
				CLANG_WARN_DIRECT_OBJC_ISA_USAGE = YES_ERROR;
				CLANG_WARN_DOCUMENTATION_COMMENTS = YES;
				CLANG_WARN_EMPTY_BODY = YES;
				CLANG_WARN_ENUM_CONVERSION = YES;
				CLANG_WARN_INFINITE_RECURSION = YES;
				CLANG_WARN_INT_CONVERSION = YES;
				CLANG_WARN_NON_LITERAL_NULL_CONVERSION = YES;
				CLANG_WARN_OBJC_IMPLICIT_RETAIN_SELF = YES;
				CLANG_WARN_OBJC_LITERAL_CONVERSION = YES;
				CLANG_WARN_OBJC_ROOT_CLASS = YES_ERROR;
				CLANG_WARN_QUOTED_INCLUDE_IN_FRAMEWORK_HEADER = YES;
				CLANG_WARN_RANGE_LOOP_ANALYSIS = YES;
				CLANG_WARN_STRICT_PROTOTYPES = YES;
				CLANG_WARN_SUSPICIOUS_MOVE = YES;
				CLANG_WARN_UNGUARDED_AVAILABILITY = YES_AGGRESSIVE;
				CLANG_WARN_UNREACHABLE_CODE = YES;
				CLANG_WARN__DUPLICATE_METHOD_MATCH = YES;
				COPY_PHASE_STRIP = NO;
				DEBUG_INFORMATION_FORMAT = "dwarf-with-dsym";
				ENABLE_NS_ASSERTIONS = NO;
				ENABLE_STRICT_OBJC_MSGSEND = YES;
				ENABLE_USER_SCRIPT_SANDBOXING = YES;
				GCC_C_LANGUAGE_STANDARD = gnu17;
				GCC_NO_COMMON_BLOCKS = YES;
				GCC_WARN_64_TO_32_BIT_CONVERSION = YES;
				GCC_WARN_ABOUT_RETURN_TYPE = YES_ERROR;
				GCC_WARN_UNDECLARED_SELECTOR = YES;
				GCC_WARN_UNINITIALIZED_AUTOS = YES_AGGRESSIVE;
				GCC_WARN_UNUSED_FUNCTION = YES;
				GCC_WARN_UNUSED_VARIABLE = YES;
				LOCALIZATION_PREFERS_STRING_CATALOGS = YES;
				MTL_ENABLE_DEBUG_INFO = NO;
				MTL_FAST_MATH = YES;
				SWIFT_COMPILATION_MODE = wholemodule;
			};
			name = Release;
		};
		C966A3332B3CDB9500670659 /* Debug */ = {
			isa = XCBuildConfiguration;
			buildSettings = {
				ASSETCATALOG_COMPILER_APPICON_NAME = AppIcon;
				ASSETCATALOG_COMPILER_GLOBAL_ACCENT_COLOR_NAME = AccentColor;
				CODE_SIGN_ENTITLEMENTS = CityCocoon/CityCocoon.entitlements;
				CODE_SIGN_STYLE = Automatic;
				CURRENT_PROJECT_VERSION = 1;
				DEVELOPMENT_ASSET_PATHS = "\"CityCocoon/Preview Content\"";
				ENABLE_PREVIEWS = YES;
				GENERATE_INFOPLIST_FILE = YES;
				"INFOPLIST_KEY_UIApplicationSceneManifest_Generation[sdk=iphoneos*]" = YES;
				"INFOPLIST_KEY_UIApplicationSceneManifest_Generation[sdk=iphonesimulator*]" = YES;
				"INFOPLIST_KEY_UIApplicationSupportsIndirectInputEvents[sdk=iphoneos*]" = YES;
				"INFOPLIST_KEY_UIApplicationSupportsIndirectInputEvents[sdk=iphonesimulator*]" = YES;
				"INFOPLIST_KEY_UILaunchScreen_Generation[sdk=iphoneos*]" = YES;
				"INFOPLIST_KEY_UILaunchScreen_Generation[sdk=iphonesimulator*]" = YES;
				"INFOPLIST_KEY_UIStatusBarStyle[sdk=iphoneos*]" = UIStatusBarStyleDefault;
				"INFOPLIST_KEY_UIStatusBarStyle[sdk=iphonesimulator*]" = UIStatusBarStyleDefault;
				INFOPLIST_KEY_UISupportedInterfaceOrientations_iPad = "UIInterfaceOrientationPortrait UIInterfaceOrientationPortraitUpsideDown UIInterfaceOrientationLandscapeLeft UIInterfaceOrientationLandscapeRight";
				INFOPLIST_KEY_UISupportedInterfaceOrientations_iPhone = "UIInterfaceOrientationPortrait UIInterfaceOrientationLandscapeLeft UIInterfaceOrientationLandscapeRight";
				IPHONEOS_DEPLOYMENT_TARGET = 17.2;
				LD_RUNPATH_SEARCH_PATHS = "@executable_path/Frameworks";
				"LD_RUNPATH_SEARCH_PATHS[sdk=macosx*]" = "@executable_path/../Frameworks";
				MACOSX_DEPLOYMENT_TARGET = 14.2;
				MARKETING_VERSION = 1.0;
				PRODUCT_BUNDLE_IDENTIFIER = com.enterprice.CityCocoon;
				PRODUCT_NAME = "$(TARGET_NAME)";
				SDKROOT = auto;
				SUPPORTED_PLATFORMS = "iphoneos iphonesimulator macosx";
				SWIFT_EMIT_LOC_STRINGS = YES;
				SWIFT_VERSION = 5.0;
				TARGETED_DEVICE_FAMILY = "1,2";
			};
			name = Debug;
		};
		C966A3342B3CDB9500670659 /* Release */ = {
			isa = XCBuildConfiguration;
			buildSettings = {
				ASSETCATALOG_COMPILER_APPICON_NAME = AppIcon;
				ASSETCATALOG_COMPILER_GLOBAL_ACCENT_COLOR_NAME = AccentColor;
				CODE_SIGN_ENTITLEMENTS = CityCocoon/CityCocoon.entitlements;
				CODE_SIGN_STYLE = Automatic;
				CURRENT_PROJECT_VERSION = 1;
				DEVELOPMENT_ASSET_PATHS = "\"CityCocoon/Preview Content\"";
				ENABLE_PREVIEWS = YES;
				GENERATE_INFOPLIST_FILE = YES;
				"INFOPLIST_KEY_UIApplicationSceneManifest_Generation[sdk=iphoneos*]" = YES;
				"INFOPLIST_KEY_UIApplicationSceneManifest_Generation[sdk=iphonesimulator*]" = YES;
				"INFOPLIST_KEY_UIApplicationSupportsIndirectInputEvents[sdk=iphoneos*]" = YES;
				"INFOPLIST_KEY_UIApplicationSupportsIndirectInputEvents[sdk=iphonesimulator*]" = YES;
				"INFOPLIST_KEY_UILaunchScreen_Generation[sdk=iphoneos*]" = YES;
				"INFOPLIST_KEY_UILaunchScreen_Generation[sdk=iphonesimulator*]" = YES;
				"INFOPLIST_KEY_UIStatusBarStyle[sdk=iphoneos*]" = UIStatusBarStyleDefault;
				"INFOPLIST_KEY_UIStatusBarStyle[sdk=iphonesimulator*]" = UIStatusBarStyleDefault;
				INFOPLIST_KEY_UISupportedInterfaceOrientations_iPad = "UIInterfaceOrientationPortrait UIInterfaceOrientationPortraitUpsideDown UIInterfaceOrientationLandscapeLeft UIInterfaceOrientationLandscapeRight";
				INFOPLIST_KEY_UISupportedInterfaceOrientations_iPhone = "UIInterfaceOrientationPortrait UIInterfaceOrientationLandscapeLeft UIInterfaceOrientationLandscapeRight";
				IPHONEOS_DEPLOYMENT_TARGET = 17.2;
				LD_RUNPATH_SEARCH_PATHS = "@executable_path/Frameworks";
				"LD_RUNPATH_SEARCH_PATHS[sdk=macosx*]" = "@executable_path/../Frameworks";
				MACOSX_DEPLOYMENT_TARGET = 14.2;
				MARKETING_VERSION = 1.0;
				PRODUCT_BUNDLE_IDENTIFIER = com.enterprice.CityCocoon;
				PRODUCT_NAME = "$(TARGET_NAME)";
				SDKROOT = auto;
				SUPPORTED_PLATFORMS = "iphoneos iphonesimulator macosx";
				SWIFT_EMIT_LOC_STRINGS = YES;
				SWIFT_VERSION = 5.0;
				TARGETED_DEVICE_FAMILY = "1,2";
			};
			name = Release;
		};
		C966A3362B3CDB9500670659 /* Debug */ = {
			isa = XCBuildConfiguration;
			buildSettings = {
				ALWAYS_EMBED_SWIFT_STANDARD_LIBRARIES = YES;
				BUNDLE_LOADER = "$(TEST_HOST)";
				CODE_SIGN_STYLE = Automatic;
				CURRENT_PROJECT_VERSION = 1;
				GENERATE_INFOPLIST_FILE = YES;
				IPHONEOS_DEPLOYMENT_TARGET = 17.2;
				MACOSX_DEPLOYMENT_TARGET = 14.2;
				MARKETING_VERSION = 1.0;
				PRODUCT_BUNDLE_IDENTIFIER = com.enterprice.CityCocoonTests;
				PRODUCT_NAME = "$(TARGET_NAME)";
				SDKROOT = auto;
				SUPPORTED_PLATFORMS = "iphoneos iphonesimulator macosx";
				SWIFT_EMIT_LOC_STRINGS = NO;
				SWIFT_VERSION = 5.0;
				TARGETED_DEVICE_FAMILY = "1,2";
				TEST_HOST = "$(BUILT_PRODUCTS_DIR)/CityCocoon.app/$(BUNDLE_EXECUTABLE_FOLDER_PATH)/CityCocoon";
			};
			name = Debug;
		};
		C966A3372B3CDB9500670659 /* Release */ = {
			isa = XCBuildConfiguration;
			buildSettings = {
				ALWAYS_EMBED_SWIFT_STANDARD_LIBRARIES = YES;
				BUNDLE_LOADER = "$(TEST_HOST)";
				CODE_SIGN_STYLE = Automatic;
				CURRENT_PROJECT_VERSION = 1;
				GENERATE_INFOPLIST_FILE = YES;
				IPHONEOS_DEPLOYMENT_TARGET = 17.2;
				MACOSX_DEPLOYMENT_TARGET = 14.2;
				MARKETING_VERSION = 1.0;
				PRODUCT_BUNDLE_IDENTIFIER = com.enterprice.CityCocoonTests;
				PRODUCT_NAME = "$(TARGET_NAME)";
				SDKROOT = auto;
				SUPPORTED_PLATFORMS = "iphoneos iphonesimulator macosx";
				SWIFT_EMIT_LOC_STRINGS = NO;
				SWIFT_VERSION = 5.0;
				TARGETED_DEVICE_FAMILY = "1,2";
				TEST_HOST = "$(BUILT_PRODUCTS_DIR)/CityCocoon.app/$(BUNDLE_EXECUTABLE_FOLDER_PATH)/CityCocoon";
			};
			name = Release;
		};
		C966A3392B3CDB9500670659 /* Debug */ = {
			isa = XCBuildConfiguration;
			buildSettings = {
				ALWAYS_EMBED_SWIFT_STANDARD_LIBRARIES = YES;
				CODE_SIGN_STYLE = Automatic;
				CURRENT_PROJECT_VERSION = 1;
				GENERATE_INFOPLIST_FILE = YES;
				IPHONEOS_DEPLOYMENT_TARGET = 17.2;
				MACOSX_DEPLOYMENT_TARGET = 14.2;
				MARKETING_VERSION = 1.0;
				PRODUCT_BUNDLE_IDENTIFIER = com.enterprice.CityCocoonUITests;
				PRODUCT_NAME = "$(TARGET_NAME)";
				SDKROOT = auto;
				SUPPORTED_PLATFORMS = "iphoneos iphonesimulator macosx";
				SWIFT_EMIT_LOC_STRINGS = NO;
				SWIFT_VERSION = 5.0;
				TARGETED_DEVICE_FAMILY = "1,2";
				TEST_TARGET_NAME = CityCocoon;
			};
			name = Debug;
		};
		C966A33A2B3CDB9500670659 /* Release */ = {
			isa = XCBuildConfiguration;
			buildSettings = {
				ALWAYS_EMBED_SWIFT_STANDARD_LIBRARIES = YES;
				CODE_SIGN_STYLE = Automatic;
				CURRENT_PROJECT_VERSION = 1;
				GENERATE_INFOPLIST_FILE = YES;
				IPHONEOS_DEPLOYMENT_TARGET = 17.2;
				MACOSX_DEPLOYMENT_TARGET = 14.2;
				MARKETING_VERSION = 1.0;
				PRODUCT_BUNDLE_IDENTIFIER = com.enterprice.CityCocoonUITests;
				PRODUCT_NAME = "$(TARGET_NAME)";
				SDKROOT = auto;
				SUPPORTED_PLATFORMS = "iphoneos iphonesimulator macosx";
				SWIFT_EMIT_LOC_STRINGS = NO;
				SWIFT_VERSION = 5.0;
				TARGETED_DEVICE_FAMILY = "1,2";
				TEST_TARGET_NAME = CityCocoon;
			};
			name = Release;
		};
/* End XCBuildConfiguration section */

/* Begin XCConfigurationList section */
		C966A3082B3CDB9300670659 /* Build configuration list for PBXProject "CityCocoon" */ = {
			isa = XCConfigurationList;
			buildConfigurations = (
				C966A3302B3CDB9500670659 /* Debug */,
				C966A3312B3CDB9500670659 /* Release */,
			);
			defaultConfigurationIsVisible = 0;
			defaultConfigurationName = Release;
		};
		C966A3322B3CDB9500670659 /* Build configuration list for PBXNativeTarget "CityCocoon" */ = {
			isa = XCConfigurationList;
			buildConfigurations = (
				C966A3332B3CDB9500670659 /* Debug */,
				C966A3342B3CDB9500670659 /* Release */,
			);
			defaultConfigurationIsVisible = 0;
			defaultConfigurationName = Release;
		};
		C966A3352B3CDB9500670659 /* Build configuration list for PBXNativeTarget "CityCocoonTests" */ = {
			isa = XCConfigurationList;
			buildConfigurations = (
				C966A3362B3CDB9500670659 /* Debug */,
				C966A3372B3CDB9500670659 /* Release */,
			);
			defaultConfigurationIsVisible = 0;
			defaultConfigurationName = Release;
		};
		C966A3382B3CDB9500670659 /* Build configuration list for PBXNativeTarget "CityCocoonUITests" */ = {
			isa = XCConfigurationList;
			buildConfigurations = (
				C966A3392B3CDB9500670659 /* Debug */,
				C966A33A2B3CDB9500670659 /* Release */,
			);
			defaultConfigurationIsVisible = 0;
			defaultConfigurationName = Release;
		};
/* End XCConfigurationList section */
	};
	rootObject = C966A3052B3CDB9300670659 /* Project object */;
}
